
Microsoft Visual Studio Solution File, Format Version 12.00
# Visual Studio Version 16
VisualStudioVersion = 16.0.31105.61
MinimumVisualStudioVersion = 10.0.40219.1
Project("{FAE04EC0-301F-11D3-BF4B-00C04F79EFBC}") = "ProgettoGioco.Android", "ProgettoGioco\ProgettoGioco.Android\ProgettoGioco.Android.csproj", "{BD46BD98-1E6F-4360-872D-5F39F39DE70C}"
EndProject
Project("{FAE04EC0-301F-11D3-BF4B-00C04F79EFBC}") = "ProgettoGioco", "ProgettoGioco\ProgettoGioco\ProgettoGioco.csproj", "{EC883878-7804-4034-BDC5-60D8EB48DB10}"
EndProject
Global
	GlobalSection(SolutionConfigurationPlatforms) = preSolution
		Debug|Any CPU = Debug|Any CPU
		Release|Any CPU = Release|Any CPU
	EndGlobalSection
	GlobalSection(ProjectConfigurationPlatforms) = postSolution
		{BD46BD98-1E6F-4360-872D-5F39F39DE70C}.Debug|Any CPU.ActiveCfg = Debug|Any CPU
		{BD46BD98-1E6F-4360-872D-5F39F39DE70C}.Debug|Any CPU.Build.0 = Debug|Any CPU
		{BD46BD98-1E6F-4360-872D-5F39F39DE70C}.Debug|Any CPU.Deploy.0 = Debug|Any CPU
		{BD46BD98-1E6F-4360-872D-5F39F39DE70C}.Release|Any CPU.ActiveCfg = Release|Any CPU
		{BD46BD98-1E6F-4360-872D-5F39F39DE70C}.Release|Any CPU.Build.0 = Release|Any CPU
		{BD46BD98-1E6F-4360-872D-5F39F39DE70C}.Release|Any CPU.Deploy.0 = Release|Any CPU
		{EC883878-7804-4034-BDC5-60D8EB48DB10}.Debug|Any CPU.ActiveCfg = Debug|Any CPU
		{EC883878-7804-4034-BDC5-60D8EB48DB10}.Debug|Any CPU.Build.0 = Debug|Any CPU
		{EC883878-7804-4034-BDC5-60D8EB48DB10}.Release|Any CPU.ActiveCfg = Release|Any CPU
		{EC883878-7804-4034-BDC5-60D8EB48DB10}.Release|Any CPU.Build.0 = Release|Any CPU
	EndGlobalSection
	GlobalSection(SolutionProperties) = preSolution
		HideSolutionNode = FALSE
	EndGlobalSection
	GlobalSection(ExtensibilityGlobals) = postSolution
		SolutionGuid = {86A596AD-05AE-4A84-ADA1-FA2056C3D485}
	EndGlobalSection
EndGlobal
